
Microsoft Visual Studio Solution File, Format Version 12.00
# Visual Studio Version 16
VisualStudioVersion = 16.0.30711.63
MinimumVisualStudioVersion = 10.0.40219.1
Project("{FAE04EC0-301F-11D3-BF4B-00C04F79EFBC}") = "Kaikupalvelin", "Kaikupalvelin\Kaikupalvelin.csproj", "{AE296F71-4DA9-4AC7-AC50-83674C27EF93}"
EndProject
Global
	GlobalSection(SolutionConfigurationPlatforms) = preSolution
		Debug|Any CPU = Debug|Any CPU
		Release|Any CPU = Release|Any CPU
	EndGlobalSection
	GlobalSection(ProjectConfigurationPlatforms) = postSolution
		{AE296F71-4DA9-4AC7-AC50-83674C27EF93}.Debug|Any CPU.ActiveCfg = Debug|Any CPU
		{AE296F71-4DA9-4AC7-AC50-83674C27EF93}.Debug|Any CPU.Build.0 = Debug|Any CPU
		{AE296F71-4DA9-4AC7-AC50-83674C27EF93}.Release|Any CPU.ActiveCfg = Release|Any CPU
		{AE296F71-4DA9-4AC7-AC50-83674C27EF93}.Release|Any CPU.Build.0 = Release|Any CPU
	EndGlobalSection
	GlobalSection(SolutionProperties) = preSolution
		HideSolutionNode = FALSE
	EndGlobalSection
	GlobalSection(ExtensibilityGlobals) = postSolution
		SolutionGuid = {5BA4B66A-B071-4CFF-923D-FC80C13926DF}
	EndGlobalSection
EndGlobal
